
Microsoft Visual Studio Solution File, Format Version 12.00
# Visual Studio Version 16
VisualStudioVersion = 16.0.28803.156
MinimumVisualStudioVersion = 10.0.40219.1
Project("{FAE04EC0-301F-11D3-BF4B-00C04F79EFBC}") = "A100_Service", "A100_Service\A100_Service.csproj", "{F3C2CC31-DB7A-4843-8B6E-A974554A5932}"
EndProject
Project("{FAE04EC0-301F-11D3-BF4B-00C04F79EFBC}") = "ConsoleHost", "ConsoleHost\ConsoleHost.csproj", "{72959B4B-785C-4813-AC41-E0A9E89CF235}"
EndProject
Project("{FAE04EC0-301F-11D3-BF4B-00C04F79EFBC}") = "ConsoleClient", "ConsoleClient\ConsoleClient.csproj", "{7D6D5F91-72DF-4B81-A659-4B2B554E4418}"
	ProjectSection(ProjectDependencies) = postProject
		{F3C2CC31-DB7A-4843-8B6E-A974554A5932} = {F3C2CC31-DB7A-4843-8B6E-A974554A5932}
	EndProjectSection
EndProject
Project("{9A19103F-16F7-4668-BE54-9A1E7A4F7556}") = "aspASTI_DTO", "aspASTI_DTO\aspASTI_DTO.csproj", "{A976BB66-2D31-4AC5-B1F8-D544B5658ED3}"
EndProject
Project("{9A19103F-16F7-4668-BE54-9A1E7A4F7556}") = "ASTI_DTO", "ASTI_DTO\ASTI_DTO.csproj", "{F24D7A11-D46E-4367-B23B-73D2DAD86D04}"
EndProject
Project("{2150E333-8FDC-42A3-9474-1A3956D46DE8}") = "DTO_Lib", "DTO_Lib", "{46E03D5B-AC54-4DF0-B828-5FE5FCF1DD9E}"
EndProject
Project("{2150E333-8FDC-42A3-9474-1A3956D46DE8}") = "WCF_Service", "WCF_Service", "{49CF69B1-7FF6-4EE4-938C-A75958C9FDDB}"
EndProject
Project("{2150E333-8FDC-42A3-9474-1A3956D46DE8}") = "WEB", "WEB", "{54C8B32A-AC90-41E8-9B63-1E39E5F902CA}"
EndProject
Project("{2150E333-8FDC-42A3-9474-1A3956D46DE8}") = "Console", "Console", "{B58BB213-2D7D-4A43-8851-A7B7B6463F91}"
EndProject
Project("{2150E333-8FDC-42A3-9474-1A3956D46DE8}") = "Library", "Library", "{7100F0B1-C114-456F-91C3-3C4DE18D90D0}"
EndProject
Project("{9A19103F-16F7-4668-BE54-9A1E7A4F7556}") = "JsonLibrary", "JsonLibrary\JsonLibrary.csproj", "{8B9111D0-183D-4DBF-AA05-B8CF1DB0F3D8}"
EndProject
Project("{2150E333-8FDC-42A3-9474-1A3956D46DE8}") = "Tests", "Tests", "{61402E12-1441-489A-AB74-331D520194A2}"
EndProject
Project("{FAE04EC0-301F-11D3-BF4B-00C04F79EFBC}") = "UnitTests_A100Service", "UnitTests_A100Service\UnitTests_A100Service.csproj", "{3513BB25-34B7-46ED-B64D-13E1815B190F}"
EndProject
Project("{9A19103F-16F7-4668-BE54-9A1E7A4F7556}") = "EncryptionLibrary", "EncriptionLibrary\EncryptionLibrary.csproj", "{21DD548C-6C89-4D25-8917-FF7AAC2537AF}"
EndProject
Project("{FAE04EC0-301F-11D3-BF4B-00C04F79EFBC}") = "A100_Web_Core", "A100_Web_Core\A100_Web_Core.csproj", "{E8DBFE31-635A-4DCC-AA67-6A92F7387CCE}"
EndProject
Project("{FAE04EC0-301F-11D3-BF4B-00C04F79EFBC}") = "A100_Api", "A100_Api\A100_Api.csproj", "{3F16556F-9F0A-468E-A881-2B41072F8E32}"
EndProject
Global
	GlobalSection(SolutionConfigurationPlatforms) = preSolution
		Debug|Any CPU = Debug|Any CPU
		Release|Any CPU = Release|Any CPU
	EndGlobalSection
	GlobalSection(ProjectConfigurationPlatforms) = postSolution
		{F3C2CC31-DB7A-4843-8B6E-A974554A5932}.Debug|Any CPU.ActiveCfg = Debug|Any CPU
		{F3C2CC31-DB7A-4843-8B6E-A974554A5932}.Debug|Any CPU.Build.0 = Debug|Any CPU
		{F3C2CC31-DB7A-4843-8B6E-A974554A5932}.Release|Any CPU.ActiveCfg = Release|Any CPU
		{F3C2CC31-DB7A-4843-8B6E-A974554A5932}.Release|Any CPU.Build.0 = Release|Any CPU
		{72959B4B-785C-4813-AC41-E0A9E89CF235}.Debug|Any CPU.ActiveCfg = Debug|Any CPU
		{72959B4B-785C-4813-AC41-E0A9E89CF235}.Debug|Any CPU.Build.0 = Debug|Any CPU
		{72959B4B-785C-4813-AC41-E0A9E89CF235}.Release|Any CPU.ActiveCfg = Release|Any CPU
		{72959B4B-785C-4813-AC41-E0A9E89CF235}.Release|Any CPU.Build.0 = Release|Any CPU
		{7D6D5F91-72DF-4B81-A659-4B2B554E4418}.Debug|Any CPU.ActiveCfg = Debug|Any CPU
		{7D6D5F91-72DF-4B81-A659-4B2B554E4418}.Debug|Any CPU.Build.0 = Debug|Any CPU
		{7D6D5F91-72DF-4B81-A659-4B2B554E4418}.Release|Any CPU.ActiveCfg = Release|Any CPU
		{7D6D5F91-72DF-4B81-A659-4B2B554E4418}.Release|Any CPU.Build.0 = Release|Any CPU
		{A976BB66-2D31-4AC5-B1F8-D544B5658ED3}.Debug|Any CPU.ActiveCfg = Debug|Any CPU
		{A976BB66-2D31-4AC5-B1F8-D544B5658ED3}.Debug|Any CPU.Build.0 = Debug|Any CPU
		{A976BB66-2D31-4AC5-B1F8-D544B5658ED3}.Release|Any CPU.ActiveCfg = Release|Any CPU
		{A976BB66-2D31-4AC5-B1F8-D544B5658ED3}.Release|Any CPU.Build.0 = Release|Any CPU
		{F24D7A11-D46E-4367-B23B-73D2DAD86D04}.Debug|Any CPU.ActiveCfg = Debug|Any CPU
		{F24D7A11-D46E-4367-B23B-73D2DAD86D04}.Debug|Any CPU.Build.0 = Debug|Any CPU
		{F24D7A11-D46E-4367-B23B-73D2DAD86D04}.Release|Any CPU.ActiveCfg = Release|Any CPU
		{F24D7A11-D46E-4367-B23B-73D2DAD86D04}.Release|Any CPU.Build.0 = Release|Any CPU
		{8B9111D0-183D-4DBF-AA05-B8CF1DB0F3D8}.Debug|Any CPU.ActiveCfg = Debug|Any CPU
		{8B9111D0-183D-4DBF-AA05-B8CF1DB0F3D8}.Debug|Any CPU.Build.0 = Debug|Any CPU
		{8B9111D0-183D-4DBF-AA05-B8CF1DB0F3D8}.Release|Any CPU.ActiveCfg = Release|Any CPU
		{8B9111D0-183D-4DBF-AA05-B8CF1DB0F3D8}.Release|Any CPU.Build.0 = Release|Any CPU
		{3513BB25-34B7-46ED-B64D-13E1815B190F}.Debug|Any CPU.ActiveCfg = Debug|Any CPU
		{3513BB25-34B7-46ED-B64D-13E1815B190F}.Debug|Any CPU.Build.0 = Debug|Any CPU
		{3513BB25-34B7-46ED-B64D-13E1815B190F}.Release|Any CPU.ActiveCfg = Release|Any CPU
		{3513BB25-34B7-46ED-B64D-13E1815B190F}.Release|Any CPU.Build.0 = Release|Any CPU
		{21DD548C-6C89-4D25-8917-FF7AAC2537AF}.Debug|Any CPU.ActiveCfg = Debug|Any CPU
		{21DD548C-6C89-4D25-8917-FF7AAC2537AF}.Debug|Any CPU.Build.0 = Debug|Any CPU
		{21DD548C-6C89-4D25-8917-FF7AAC2537AF}.Release|Any CPU.ActiveCfg = Release|Any CPU
		{21DD548C-6C89-4D25-8917-FF7AAC2537AF}.Release|Any CPU.Build.0 = Release|Any CPU
		{E8DBFE31-635A-4DCC-AA67-6A92F7387CCE}.Debug|Any CPU.ActiveCfg = Debug|Any CPU
		{E8DBFE31-635A-4DCC-AA67-6A92F7387CCE}.Debug|Any CPU.Build.0 = Debug|Any CPU
		{E8DBFE31-635A-4DCC-AA67-6A92F7387CCE}.Release|Any CPU.ActiveCfg = Release|Any CPU
		{E8DBFE31-635A-4DCC-AA67-6A92F7387CCE}.Release|Any CPU.Build.0 = Release|Any CPU
		{3F16556F-9F0A-468E-A881-2B41072F8E32}.Debug|Any CPU.ActiveCfg = Debug|Any CPU
		{3F16556F-9F0A-468E-A881-2B41072F8E32}.Debug|Any CPU.Build.0 = Debug|Any CPU
		{3F16556F-9F0A-468E-A881-2B41072F8E32}.Release|Any CPU.ActiveCfg = Release|Any CPU
		{3F16556F-9F0A-468E-A881-2B41072F8E32}.Release|Any CPU.Build.0 = Release|Any CPU
	EndGlobalSection
	GlobalSection(SolutionProperties) = preSolution
		HideSolutionNode = FALSE
	EndGlobalSection
	GlobalSection(NestedProjects) = preSolution
		{F3C2CC31-DB7A-4843-8B6E-A974554A5932} = {49CF69B1-7FF6-4EE4-938C-A75958C9FDDB}
		{72959B4B-785C-4813-AC41-E0A9E89CF235} = {49CF69B1-7FF6-4EE4-938C-A75958C9FDDB}
		{7D6D5F91-72DF-4B81-A659-4B2B554E4418} = {B58BB213-2D7D-4A43-8851-A7B7B6463F91}
		{A976BB66-2D31-4AC5-B1F8-D544B5658ED3} = {46E03D5B-AC54-4DF0-B828-5FE5FCF1DD9E}
		{F24D7A11-D46E-4367-B23B-73D2DAD86D04} = {46E03D5B-AC54-4DF0-B828-5FE5FCF1DD9E}
		{8B9111D0-183D-4DBF-AA05-B8CF1DB0F3D8} = {7100F0B1-C114-456F-91C3-3C4DE18D90D0}
		{3513BB25-34B7-46ED-B64D-13E1815B190F} = {61402E12-1441-489A-AB74-331D520194A2}
		{21DD548C-6C89-4D25-8917-FF7AAC2537AF} = {7100F0B1-C114-456F-91C3-3C4DE18D90D0}
		{E8DBFE31-635A-4DCC-AA67-6A92F7387CCE} = {54C8B32A-AC90-41E8-9B63-1E39E5F902CA}
		{3F16556F-9F0A-468E-A881-2B41072F8E32} = {54C8B32A-AC90-41E8-9B63-1E39E5F902CA}
	EndGlobalSection
	GlobalSection(ExtensibilityGlobals) = postSolution
		SolutionGuid = {9AB38EFF-720D-4171-A8B0-357A72A49F57}
	EndGlobalSection
EndGlobal
